
Microsoft Visual Studio Solution File, Format Version 12.00
# Visual Studio Version 16
VisualStudioVersion = 16.0.32106.194
MinimumVisualStudioVersion = 10.0.40219.1
Project("{9A19103F-16F7-4668-BE54-9A1E7A4F7556}") = "Cinema", "Cinema.csproj", "{AD159132-F411-4BEE-874A-F33D65BE14A5}"
EndProject
Project("{9A19103F-16F7-4668-BE54-9A1E7A4F7556}") = "Tools", "..\Tools\Tools.csproj", "{29919B30-3CBE-40A1-910E-C6F62F75F67E}"
EndProject
Global
	GlobalSection(SolutionConfigurationPlatforms) = preSolution
		Debug|Any CPU = Debug|Any CPU
		Release|Any CPU = Release|Any CPU
	EndGlobalSection
	GlobalSection(ProjectConfigurationPlatforms) = postSolution
		{AD159132-F411-4BEE-874A-F33D65BE14A5}.Debug|Any CPU.ActiveCfg = Debug|Any CPU
		{AD159132-F411-4BEE-874A-F33D65BE14A5}.Debug|Any CPU.Build.0 = Debug|Any CPU
		{AD159132-F411-4BEE-874A-F33D65BE14A5}.Release|Any CPU.ActiveCfg = Release|Any CPU
		{AD159132-F411-4BEE-874A-F33D65BE14A5}.Release|Any CPU.Build.0 = Release|Any CPU
		{29919B30-3CBE-40A1-910E-C6F62F75F67E}.Debug|Any CPU.ActiveCfg = Debug|Any CPU
		{29919B30-3CBE-40A1-910E-C6F62F75F67E}.Debug|Any CPU.Build.0 = Debug|Any CPU
		{29919B30-3CBE-40A1-910E-C6F62F75F67E}.Release|Any CPU.ActiveCfg = Release|Any CPU
		{29919B30-3CBE-40A1-910E-C6F62F75F67E}.Release|Any CPU.Build.0 = Release|Any CPU
	EndGlobalSection
	GlobalSection(SolutionProperties) = preSolution
		HideSolutionNode = FALSE
	EndGlobalSection
	GlobalSection(ExtensibilityGlobals) = postSolution
		SolutionGuid = {778FD225-3ECA-420F-A62A-20E0C8E7B232}
	EndGlobalSection
EndGlobal
